
Microsoft Visual Studio Solution File, Format Version 12.00
# Visual Studio Version 16
VisualStudioVersion = 16.0.29519.181
MinimumVisualStudioVersion = 10.0.40219.1
Project("{FAE04EC0-301F-11D3-BF4B-00C04F79EFBC}") = "TestApp", "TestApp\TestApp.csproj", "{C380D3A7-43B7-4671-8A94-CC2FD5D2C174}"
EndProject
Project("{FAE04EC0-301F-11D3-BF4B-00C04F79EFBC}") = "TestApp.Tests", "TestApp.Tests\TestApp.Tests.csproj", "{B3548B3D-A784-4FA9-B1A9-BBB5F327501B}"
EndProject
Global
	GlobalSection(SolutionConfigurationPlatforms) = preSolution
		Debug|Any CPU = Debug|Any CPU
		Release|Any CPU = Release|Any CPU
	EndGlobalSection
	GlobalSection(ProjectConfigurationPlatforms) = postSolution
		{C380D3A7-43B7-4671-8A94-CC2FD5D2C174}.Debug|Any CPU.ActiveCfg = Debug|Any CPU
		{C380D3A7-43B7-4671-8A94-CC2FD5D2C174}.Debug|Any CPU.Build.0 = Debug|Any CPU
		{C380D3A7-43B7-4671-8A94-CC2FD5D2C174}.Release|Any CPU.ActiveCfg = Release|Any CPU
		{C380D3A7-43B7-4671-8A94-CC2FD5D2C174}.Release|Any CPU.Build.0 = Release|Any CPU
		{B3548B3D-A784-4FA9-B1A9-BBB5F327501B}.Debug|Any CPU.ActiveCfg = Debug|Any CPU
		{B3548B3D-A784-4FA9-B1A9-BBB5F327501B}.Debug|Any CPU.Build.0 = Debug|Any CPU
		{B3548B3D-A784-4FA9-B1A9-BBB5F327501B}.Release|Any CPU.ActiveCfg = Release|Any CPU
		{B3548B3D-A784-4FA9-B1A9-BBB5F327501B}.Release|Any CPU.Build.0 = Release|Any CPU
	EndGlobalSection
	GlobalSection(SolutionProperties) = preSolution
		HideSolutionNode = FALSE
	EndGlobalSection
	GlobalSection(ExtensibilityGlobals) = postSolution
		SolutionGuid = {C540051E-FA58-4917-A5A8-0AB51850A662}
	EndGlobalSection
EndGlobal
